<?xml version="1.0" encoding="utf-8"?>
<Project ToolsVersion="4.0" xmlns="http://schemas.microsoft.com/developer/msbuild/2003">
  <ItemGroup>
    <FxCompile Include="shader\Default_Pixel.hlsl">
      <Filter>shader</Filter>
    </FxCompile>
    <FxCompile Include="shader\Default_Vertex.hlsl">
      <Filter>shader</Filter>
    </FxCompile>
    <FxCompile Include="shader\Phong_Pixel.hlsl">
      <Filter>shader</Filter>
    </FxCompile>
    <FxCompile Include="shader\Phong_Vertex.hlsl">
      <Filter>shader</Filter>
    </FxCompile>
    <FxCompile Include="shader\Skybox_Pixel.hlsl">
      <Filter>shader</Filter>
    </FxCompile>
    <FxCompile Include="shader\Skybox_Vertex.hlsl">
      <Filter>shader</Filter>
    </FxCompile>
  </ItemGroup>
  <ItemGroup>
    <ClCompile Include="source\PointLightList.cpp" />
    <ClCompile Include="source\Controller.cpp" />
    <ClCompile Include="source\Scene.cpp" />
    <ClCompile Include="source\Input.cpp" />
    <ClCompile Include="source\Component.cpp" />
    <ClCompile Include="source\App.cpp" />
    <ClCompile Include="source\Object.cpp" />
    <ClCompile Include="source\Main.cpp" />
    <ClCompile Include="source\Transform.cpp" />
    <ClCompile Include="source\core\Log.cpp">
      <Filter>core</Filter>
    </ClCompile>
    <ClCompile Include="source\core\util.cpp">
      <Filter>core</Filter>
    </ClCompile>
    <ClCompile Include="source\renderer\ConstantBuffer.cpp">
      <Filter>renderer</Filter>
    </ClCompile>
    <ClCompile Include="source\renderer\DXContext.cpp">
      <Filter>renderer</Filter>
    </ClCompile>
    <ClCompile Include="source\renderer\IndexBuffer.cpp">
      <Filter>renderer</Filter>
    </ClCompile>
    <ClCompile Include="source\renderer\Renderer.cpp">
      <Filter>renderer</Filter>
    </ClCompile>
    <ClCompile Include="source\renderer\Shader.cpp">
      <Filter>renderer</Filter>
    </ClCompile>
    <ClCompile Include="source\renderer\VertexBuffer.cpp">
      <Filter>renderer</Filter>
    </ClCompile>
    <ClCompile Include="source\resources\CubeMap.cpp">
      <Filter>resources</Filter>
    </ClCompile>
    <ClCompile Include="source\resources\ImageBuffer.cpp">
      <Filter>resources</Filter>
    </ClCompile>
    <ClCompile Include="source\resources\Mesh.cpp">
      <Filter>resources</Filter>
    </ClCompile>
    <ClCompile Include="source\resources\Model.cpp">
      <Filter>resources</Filter>
    </ClCompile>
    <ClCompile Include="source\resources\Sampler.cpp">
      <Filter>resources</Filter>
    </ClCompile>
    <ClCompile Include="source\resources\Skybox.cpp">
      <Filter>resources</Filter>
    </ClCompile>
    <ClCompile Include="source\resources\Texture.cpp">
      <Filter>resources</Filter>
    </ClCompile>
    <ClCompile Include="source\utilities\GameTimer.cpp">
      <Filter>utilities</Filter>
    </ClCompile>
    <ClCompile Include="source\utilities\MeshLoader.cpp">
      <Filter>utilities</Filter>
    </ClCompile>
    <ClCompile Include="source\utilities\SceneSerializer.cpp">
      <Filter>utilities</Filter>
    </ClCompile>
    <ClCompile Include="source\windows\win.cpp">
      <Filter>windows</Filter>
    </ClCompile>
    <ClCompile Include="source\windows\Window.cpp">
      <Filter>windows</Filter>
    </ClCompile>
  </ItemGroup>
  <ItemGroup>
    <ClInclude Include="source\PointLightList.h" />
    <ClInclude Include="source\PointLight.h" />
    <ClInclude Include="source\Controller.h" />
    <ClInclude Include="source\Scene.h" />
    <ClInclude Include="source\Input.h" />
    <ClInclude Include="source\Component.h" />
    <ClInclude Include="source\Object.h" />
    <ClInclude Include="source\Camera.h" />
    <ClInclude Include="source\App.h" />
    <ClInclude Include="source\Transform.h" />
    <ClInclude Include="source\core\core.h">
      <Filter>core</Filter>
    </ClInclude>
    <ClInclude Include="source\core\Log.h">
      <Filter>core</Filter>
    </ClInclude>
    <ClInclude Include="source\core\util.h">
      <Filter>core</Filter>
    </ClInclude>
    <ClInclude Include="source\renderer\ConstantBuffer.h">
      <Filter>renderer</Filter>
    </ClInclude>
    <ClInclude Include="source\renderer\DX.h">
      <Filter>renderer</Filter>
    </ClInclude>
    <ClInclude Include="source\renderer\DXContext.h">
      <Filter>renderer</Filter>
    </ClInclude>
    <ClInclude Include="source\renderer\IndexBuffer.h">
      <Filter>renderer</Filter>
    </ClInclude>
    <ClInclude Include="source\renderer\Renderer.h">
      <Filter>renderer</Filter>
    </ClInclude>
    <ClInclude Include="source\renderer\Shader.h">
      <Filter>renderer</Filter>
    </ClInclude>
    <ClInclude Include="source\renderer\VertexBuffer.h">
      <Filter>renderer</Filter>
    </ClInclude>
    <ClInclude Include="source\resources\CubeMap.h">
      <Filter>resources</Filter>
    </ClInclude>
    <ClInclude Include="source\resources\ImageBuffer.h">
      <Filter>resources</Filter>
    </ClInclude>
    <ClInclude Include="source\resources\Mesh.h">
      <Filter>resources</Filter>
    </ClInclude>
    <ClInclude Include="source\resources\Model.h">
      <Filter>resources</Filter>
    </ClInclude>
    <ClInclude Include="source\resources\Sampler.h">
      <Filter>resources</Filter>
    </ClInclude>
    <ClInclude Include="source\resources\Skybox.h">
      <Filter>resources</Filter>
    </ClInclude>
    <ClInclude Include="source\resources\Texture.h">
      <Filter>resources</Filter>
    </ClInclude>
    <ClInclude Include="source\utilities\GameTimer.h">
      <Filter>utilities</Filter>
    </ClInclude>
    <ClInclude Include="source\utilities\MeshLoader.h">
      <Filter>utilities</Filter>
    </ClInclude>
    <ClInclude Include="source\utilities\SceneSerializer.h">
      <Filter>utilities</Filter>
    </ClInclude>
    <ClInclude Include="source\windows\win.h">
      <Filter>windows</Filter>
    </ClInclude>
    <ClInclude Include="source\windows\Window.h">
      <Filter>windows</Filter>
    </ClInclude>
  </ItemGroup>
  <ItemGroup>
    <Filter Include="core">
      <UniqueIdentifier>{e98cb649-9c8e-4996-8953-55186238bdb2}</UniqueIdentifier>
    </Filter>
    <Filter Include="renderer">
      <UniqueIdentifier>{121737fe-62c2-4eae-bf3e-4f9a2a1073e2}</UniqueIdentifier>
    </Filter>
    <Filter Include="resources">
      <UniqueIdentifier>{2ae236d6-9559-43fb-b0e4-00e285d1ebf7}</UniqueIdentifier>
    </Filter>
    <Filter Include="utilities">
      <UniqueIdentifier>{af24cb17-3469-45ef-9aa6-c36cc6b7644e}</UniqueIdentifier>
    </Filter>
    <Filter Include="windows">
      <UniqueIdentifier>{05186f41-f064-4caa-9ff5-b4821d270027}</UniqueIdentifier>
    </Filter>
    <Filter Include="shader">
      <UniqueIdentifier>{a758f56a-fdb7-4b4a-b3b5-e216ae25fa0e}</UniqueIdentifier>
    </Filter>
  </ItemGroup>
</Project>